
Microsoft Visual Studio Solution File, Format Version 12.00
# Visual Studio Version 17
VisualStudioVersion = 17.5.002.0
MinimumVisualStudioVersion = 10.0.40219.1
Project("{9A19103F-16F7-4668-BE54-9A1E7A4F7556}") = "multithreading", "multithreading.csproj", "{02BEF71C-D7D4-40CC-88EE-F1D1371A7566}"
EndProject
Global
	GlobalSection(SolutionConfigurationPlatforms) = preSolution
		Debug|Any CPU = Debug|Any CPU
		Release|Any CPU = Release|Any CPU
	EndGlobalSection
	GlobalSection(ProjectConfigurationPlatforms) = postSolution
		{02BEF71C-D7D4-40CC-88EE-F1D1371A7566}.Debug|Any CPU.ActiveCfg = Debug|Any CPU
		{02BEF71C-D7D4-40CC-88EE-F1D1371A7566}.Debug|Any CPU.Build.0 = Debug|Any CPU
		{02BEF71C-D7D4-40CC-88EE-F1D1371A7566}.Release|Any CPU.ActiveCfg = Release|Any CPU
		{02BEF71C-D7D4-40CC-88EE-F1D1371A7566}.Release|Any CPU.Build.0 = Release|Any CPU
	EndGlobalSection
	GlobalSection(SolutionProperties) = preSolution
		HideSolutionNode = FALSE
	EndGlobalSection
	GlobalSection(ExtensibilityGlobals) = postSolution
		SolutionGuid = {77786A74-0BAF-4629-9D1D-E3749540F3ED}
	EndGlobalSection
EndGlobal
